{
  "version": 3,
  "mopsTomlDepsHash": "b62a4acc52591c5441d027f998b5d0f553404563f3dfb678fa12d8c67d528e39",
  "deps": {
    "base": "0.16.0",
    "caffeine-integrations-mail-client": "0.3.0",
    "caffeineai-authorization": "1.0.1",
    "caffeineai-email": "0.2.1",
    "caffeineai-lints": "0.1.1",
    "caffeineai-oql": "0.4.0",
    "core": "2.6.2",
    "ic": "4.2.0",
    "identity-attributes": "0.4.0",
    "json": "1.4.0",
    "serde-core": "0.2.1",
    "sha2": "0.2.5",
    "xtended-numbers": "0.3.1"
  },
  "graph": {
    "base@0.11.1": {},
    "base@0.16.0": {},
    "caffeine-integrations-mail-client@0.3.0": {
      "core": "2.6.0",
      "ic": "4.2.0",
      "serde-core": "0.2.1"
    },
    "caffeineai-authorization@1.0.1": {
      "core": "2.5.0",
      "identity-attributes": "0.4.0"
    },
    "caffeineai-email@0.2.1": {
      "caffeine-integrations-mail-client": "0.3.0",
      "core": "2.6.0"
    },
    "caffeineai-lints@0.1.1": {},
    "caffeineai-oql@0.4.0": {
      "core": "2.2.0",
      "json": "1.4.0"
    },
    "core@2.2.0": {},
    "core@2.4.0": {},
    "core@2.5.0": {},
    "core@2.6.0": {},
    "core@2.6.2": {},
    "ic@4.2.0": {
      "core": "2.5.0"
    },
    "identity-attributes@0.4.0": {
      "core": "2.5.0"
    },
    "json@1.4.0": {
      "xtended-numbers": "0.3.1"
    },
    "serde-core@0.2.1": {
      "core": "2.4.0",
      "sha2": "0.2.5"
    },
    "sha2@0.2.5": {
      "core": "2.5.0"
    },
    "xtended-numbers@0.3.1": {
      "base": "0.11.1"
    }
  },
  "hashes": {
    "base@0.16.0": {
      "base@0.16.0/LICENSE": "166bd8e8cf7790087d1fd18a9fa4d060cc0d0b3e5ab30689aa5f3a59a93386bf",
      "base@0.16.0/NOTICE": "3960a8d25fa5fc909325817b08b36c1146970930ca15b6352f8ea6db803cab47",
      "base@0.16.0/README.md": "f861762bc648759297be91a82981acfb2a160f9e1cfee063526b640b05a9c435",
      "base@0.16.0/mops.toml": "49dc97853e23e5463322b656ccc29b2c090dafac91136d3bea282810e63f357d",
      "base@0.16.0/src/Array.mo": "dbf9ed7bfccb959356ee5250da58b43c2ddb1ee68173be04b365c5317564e134",
      "base@0.16.0/src/AssocList.mo": "e2e123d96d907ada614435ecef9a223678db79f3b0a411d85e59d5c0a6566438",
      "base@0.16.0/src/Blob.mo": "61a48166c8bdc4cf1220fd11f645566699fa064a2b2aa8174388aae4eef6a532",
      "base@0.16.0/src/Bool.mo": "65faf01dc6e3609ed2f729b813811506951adcce71c081fc6edcdbae4c8b1169",
      "base@0.16.0/src/Buffer.mo": "fdb20bbec95107f48974c706ed3420be8507e3654fd9371036b7416b45821388",
      "base@0.16.0/src/CertifiedData.mo": "e2911a6cb533ba85ff345987d91ba92730a80ca9b6729c0b0ae1dd4631765e12",
      "base@0.16.0/src/Char.mo": "93d9e300a2a9ed72c8a1e50288b3af4cb2c6cdd31988f200dc167e3bbfe5824a",
      "base@0.16.0/src/Debug.mo": "ccccd690e0f61caac42cb75d9eb23fdbdae67053fbd8b33d47fa101dfc9af3e5",
      "base@0.16.0/src/Deque.mo": "47cac83b96adaf0d49a93f9766ed0844769b899a9b7982d46b4998157889abba",
      "base@0.16.0/src/Error.mo": "b64274e5a5dcfbf74a55ef8c2b969ff4cdd856656849ec2eb5b964c3d1ad1bf5",
      "base@0.16.0/src/ExperimentalCycles.mo": "2e905451f9e3bfb6982de5a49a2dfa3859c2bb7e0739557f93480debcab8ffef",
      "base@0.16.0/src/ExperimentalInternetComputer.mo": "9a665385f030b54c2086cebd42ae29262c00989059586242a84a4a4f6a06f1f4",
      "base@0.16.0/src/ExperimentalStableMemory.mo": "d28fb9f603fd9ebb406bc848590564b471c19cc082bbbc76c8487f0e7b211257",
      "base@0.16.0/src/Float.mo": "86d527bcc778e4520f14d47677fd24633b6a44125ec715a0368d718a1ee3d405",
      "base@0.16.0/src/Func.mo": "a1a6cfb5b1910916b610d00c05d2cc9b56a2b55ad55533583aa9e705cb82a4ed",
      "base@0.16.0/src/Hash.mo": "7546b8e08c410e705c9fb0329b3f893ca24dda72cc4ed8f2013d7c546e8beb5c",
      "base@0.16.0/src/HashMap.mo": "0de8c3ddafe0f73d62cbe2bec33d78b78e975cfc5df385d763e73d86cfe3a899",
      "base@0.16.0/src/Heap.mo": "e5c90141bda1375535f00c16b448a2328856f9673a1dc9688a2b11e3dfc8bed6",
      "base@0.16.0/src/Int.mo": "c04aeea43aeda1fde3007978589967429acc152cab3132af8ef0ca288416d97d",
      "base@0.16.0/src/Int16.mo": "51772524e6277db86d27a6b4bb2789145bd5ef72097fd7540a51eacb71fcba16",
      "base@0.16.0/src/Int32.mo": "b50026ebc57842f95a1455c865ca736eab14db54856b8810f3e8ae9227688d7f",
      "base@0.16.0/src/Int64.mo": "55558f9ffa00dd336a7658c3a34800dcea9730232ff3132ddf2b2ce507ec648f",
      "base@0.16.0/src/Int8.mo": "44e98af88ecef25ff557b130118277ac9f9bfa151699b0b42e61e7b155f2b243",
      "base@0.16.0/src/Iter.mo": "24e490f94569d708e1c979fb798feb200665bb973a29bb2cb9210148a77d2cb4",
      "base@0.16.0/src/IterType.mo": "53c840d79e7aa6eefd00552ad9ecca820f8f3be14e070c905df472893f7b4fbd",
      "base@0.16.0/src/List.mo": "961bed7fa13d0f3aa88189ceb51e5a7aeaa9b475d0857c941b2c4fec19a70656",
      "base@0.16.0/src/Nat.mo": "4180a4f92deafd7674a68427f0e250a1022c42942b435405e6f2459bce0b5536",
      "base@0.16.0/src/Nat16.mo": "787af029de5f2a5446b3c5b58ed5c07baaef2febf98d6e74c5422cac753d5d60",
      "base@0.16.0/src/Nat32.mo": "53b5530b7becc07bb4c0398cd805076d10a70cbb306a0b4ce628b9a755d068fd",
      "base@0.16.0/src/Nat64.mo": "1f5f430978ff0c27c2608e0d976573ad0864ddc8816714ddc9691141b4bed4bd",
      "base@0.16.0/src/Nat8.mo": "08db31b1cb511656df9fa50ad1ec0d42f256a6e14344896ad11b7ea1bc577b80",
      "base@0.16.0/src/None.mo": "6072c7d392b6e43c245912ed6a30f3f46f9268de5aa146848f1bf0fd5218af3e",
      "base@0.16.0/src/Option.mo": "8135b09bab4bd3a9536692cb09fbf170f3c4cbce01eea645ecbcd0368cdf834a",
      "base@0.16.0/src/Order.mo": "2d7c2f21b967e26cfb26441138779c44652476eb717fdb5ed8fb5397c54528f8",
      "base@0.16.0/src/OrderedMap.mo": "0a48d759795ee87f23df1f9d7280f9fc8c126852eacc82daf4e58e4c047b767d",
      "base@0.16.0/src/OrderedSet.mo": "cc9fb6ffad0d95b123c55c5f6b3493245852f031081901c13caf52df04411e6c",
      "base@0.16.0/src/Prelude.mo": "5a4636d33c6937279462c460e3bc1ececd14a80569a2a51fa55d3968f7bda553",
      "base@0.16.0/src/Principal.mo": "d82643351555e44690dfc10c16011b14010000431e63c30a1ec37265f5fc46d2",
      "base@0.16.0/src/RBTree.mo": "f9ad44d8bb82f55691eeef5f50b2e976d3c18e4399e950cbdcb59e91582622d7",
      "base@0.16.0/src/Random.mo": "4fffac74e85d64b2579647144ff2b40e358610ddeda23ebf9354eb1d98917803",
      "base@0.16.0/src/Region.mo": "8579f4296e26f29b565830301097d650699535131da663e1a8bca89432295754",
      "base@0.16.0/src/Result.mo": "9909afee7a1f066b25105469808c06c154611428a9a909bcf3089a501181fa5a",
      "base@0.16.0/src/Stack.mo": "992f6bd77d5ac3e4281a85a2ac96cfb04abb5b794bf8e9e08c3b558f516233f5",
      "base@0.16.0/src/Text.mo": "0abd4063229262cb2e3d658937ad000155a9eff1656412ddd9502a4d606c8cfa",
      "base@0.16.0/src/Time.mo": "4336ac0d6d9d8f516a1ba6794eb5e3577ecd3aa2aedabd09892dc7b8554b73f8",
      "base@0.16.0/src/Timer.mo": "ec1e126f05dc94a2e229dd3572b04e92e9265762d52d2c99ca8df8656e4f7788",
      "base@0.16.0/src/Trie.mo": "3ca67f2527afaf5e663bd7b227384d0b20d0ea0cfc7c532e5d95a625c0d0d6bb",
      "base@0.16.0/src/TrieMap.mo": "f09aab78476ffd158f8ab789e0692ad61aa9b1f4ac6ff3af30cdac5f5c30a7e4",
      "base@0.16.0/src/TrieSet.mo": "9c8c1821582b344de6f3910f417527ec0b565876eb2d9da09455af05117ed45a"
    },
    "caffeine-integrations-mail-client@0.3.0": {
      "caffeine-integrations-mail-client@0.3.0/README.md": "63957d8fbe19eaca992fad57f9265a2a373c3ec453ba09b43cda1c4d06f9d130",
      "caffeine-integrations-mail-client@0.3.0/mops.toml": "a5ef77f7d6a45a95e30c8036fa5ae63ba0261b45c99e109cf9d94eaa2a690b1a",
      "caffeine-integrations-mail-client@0.3.0/src/Apis/MailV2Api.mo": "bffda95c6e90cd02d8989f2ca85a9b032caf9de9fd89c46973a72beff47b82b9",
      "caffeine-integrations-mail-client@0.3.0/src/Config.mo": "f52600e776f5b14d7e31cdafe7063f5213d6f0baab73077549a08e2adc5cef95",
      "caffeine-integrations-mail-client@0.3.0/src/Models/MailV2Attachment.mo": "7d3c6a0f6251afffae91f9dbde658405c16ab05fbce84e43c438b432782eae51",
      "caffeine-integrations-mail-client@0.3.0/src/Models/MailV2AttachmentEncoding.mo": "22f5c303faac2cfa0eff98e5a7945717b816caf34fc65dd8d1ebd7b5676b1a1d",
      "caffeine-integrations-mail-client@0.3.0/src/Models/MailV2BroadcastBody.mo": "35baba1936af8cff1f166b3c6f31e94d8bad76e39d42cbab59b86cfb7ce8e92f",
      "caffeine-integrations-mail-client@0.3.0/src/Models/MailV2BroadcastRecipient.mo": "7959484b33a63480f9c0c8d03c8ca49edaada4bca89ee5ab133e650af914e1b3",
      "caffeine-integrations-mail-client@0.3.0/src/Models/MailV2BroadcastResponse.mo": "395713f79ce20ab2817631320fc0c5efe37d49cea689c0b7ffcc7e0db0b8b1ac",
      "caffeine-integrations-mail-client@0.3.0/src/Models/MailV2BroadcastSubType.mo": "0f5439ea3e38efd9cc39289e33d15bba54d512fbd390620ddc303e4619cfd671",
      "caffeine-integrations-mail-client@0.3.0/src/Models/MailV2Error.mo": "558388ea75ca94b2ff4373bbde6f6510145e1764701c37619589535d0d4b72fa",
      "caffeine-integrations-mail-client@0.3.0/src/Models/MailV2ErrorDetail.mo": "ee2e78e763c220acd75779067c55ca24f99db28ed5131177bfb3a9844d196e5e",
      "caffeine-integrations-mail-client@0.3.0/src/Models/MailV2ErrorDetailType.mo": "e0c9439114f4581ef82123728ceaf114ea458e877b76ec950d47cecb8047db49",
      "caffeine-integrations-mail-client@0.3.0/src/Models/MailV2SendBody.mo": "e1e7c89f1e30e76f7f81cf5f7cb14aee203648f47a59e379aef055009901467e",
      "caffeine-integrations-mail-client@0.3.0/src/Models/MailV2SendResponse.mo": "8583bc00da99292f93e70b1418e4c39d3e4d0b32364be3c08dd68baa86b88af2",
      "caffeine-integrations-mail-client@0.3.0/src/Models/MailV2SendResponseStatus.mo": "ba958f8fb38f32aed9c28042f9d8ba5a04879b31b426731ac287a9ea887fe83d"
    },
    "caffeineai-authorization@1.0.1": {
      "caffeineai-authorization@1.0.1/README.md": "7df09c051d9943be6cab58bfc0a208425b1d48512ae7f73b898dfed86ec6fd85",
      "caffeineai-authorization@1.0.1/mops.toml": "9e1e2de1fb345243a097681d3fe37d1981b958889ca2934eaebab642105591fe",
      "caffeineai-authorization@1.0.1/rules/mixin-authorization-included.toml": "57fa6a81594ea8c12e0a3315c36dec4adf718444b8ef70a11cda1aaa1b11624a",
      "caffeineai-authorization@1.0.1/rules/no-redeclare-assign-caller-user-role.toml": "e8669dfe4931aaa4268682877388255342ce2cb2cdafd21a121ddf22ef42b500",
      "caffeineai-authorization@1.0.1/rules/no-redeclare-get-caller-user-role.toml": "934befe7ed91e8b7b8d7e9ec583730cbd2965b5f77354cea2770b709c1558093",
      "caffeineai-authorization@1.0.1/rules/no-redeclare-internet-identity-sign-in-finish.toml": "c53868c9559c32d72db95f9152b3258e90f8c2f793987d2f6ae2087f317cf433",
      "caffeineai-authorization@1.0.1/rules/no-redeclare-internet-identity-sign-in-start.toml": "dda2e25e1baad0b90e897ae3db6206f9f3b66c2feeda4391bfd0bd4d82764036",
      "caffeineai-authorization@1.0.1/rules/no-redeclare-is-caller-admin.toml": "10a57bed38437b1db5624f3b7261ee5f5922311b0bd30e01e2007a7edb274946",
      "caffeineai-authorization@1.0.1/src/MixinAuthorization.mo": "2fb1834b4f239c9f7eba746cdc3af3359903cb2002caa3e3969683ddf4c2a309",
      "caffeineai-authorization@1.0.1/src/access-control.mo": "fc5e3a6d16aedd165b16241f6302c8358a997cb3b58635e46533ba8c738f4f40"
    },
    "caffeineai-email@0.2.1": {
      "caffeineai-email@0.2.1/README.md": "7bc10bb86dc7b577268d48cdcc2f877ea8cbc15ee9af57199232121ad242159b",
      "caffeineai-email@0.2.1/mops.toml": "ed2e06dd882f626aec1aaf9cbda2ba0310a89a0570b9eb28a5e3785e0f96872d",
      "caffeineai-email@0.2.1/src/emailClient.mo": "453f51e599a69a9ef480e7ad506344c831d32443c86113af9fc24e5fb3cacf70",
      "caffeineai-email@0.2.1/src/emailService.mo": "789ff9fe602991267ff872bea66531cce0c7b430c18162e2e2225f5ff9dfdfc5"
    },
    "caffeineai-lints@0.1.1": {
      "caffeineai-lints@0.1.1/README.md": "c0ac968c7d377cf7fd564b2cc2d211ba68055100e2a3c4152498fa11d6411e15",
      "caffeineai-lints@0.1.1/mops.toml": "e39a54fcbeb6e4e6aad5974dee8fcb1a118c6a9f44cd4dcdde7864f9df2a881d",
      "caffeineai-lints@0.1.1/rules/migration-self-contained.toml": "84f6aa103597b5d708218aff3477bac261f30492d2f7bc13f146ee33d2c9bb65",
      "caffeineai-lints@0.1.1/rules/no-base-import.toml": "fe2562d94ca0abbfbe50f51584d9f2e74abc14b1373999f13e4dfd49ca5d11b0",
      "caffeineai-lints@0.1.1/src/Lib.mo": "5417424c5ea911f4e7a2730705fbd3d3ce5868b6e62b8abfbb91807515995036"
    },
    "caffeineai-oql@0.4.0": {
      "caffeineai-oql@0.4.0/README.md": "75c40cd6822859ddbe9edf9327465dfa0e2a00a07cbb5d58f558a6b642331bfb",
      "caffeineai-oql@0.4.0/mops.toml": "dce9999ad8811f6603bcc9094d88b5f1cc9c9579fe1a9627f0b517a942555d41",
      "caffeineai-oql@0.4.0/src/ArrayEntity.mo": "1d46698cd55b022394037f77a20be80db2bfe79acc7182d9157dea19c59365ed",
      "caffeineai-oql@0.4.0/src/Auth.mo": "7d5c03b6625d60e65a704060a21ec3ce634df6f86fde470b87c9ea4d48ea1005",
      "caffeineai-oql@0.4.0/src/BlobValue.mo": "7ff77fc73c69dfbdbd30c0d486c66b6ad892dac0fbf4345c796c4e7666ffa254",
      "caffeineai-oql@0.4.0/src/BoolValue.mo": "6183eacb2dfd2cd3da631a398150b58a2f4079e4fb9537ec5e7e925f06b3a1e3",
      "caffeineai-oql@0.4.0/src/Entity.mo": "660b367a97dab867012197dff834ce32af8f1953f3eb245b4b66ef8564871d8a",
      "caffeineai-oql@0.4.0/src/Executor.mo": "729d72c843e46ab1370ed564573c413f82419601d6da584eef5a3ed9d1fe2665",
      "caffeineai-oql@0.4.0/src/Expose.mo": "8a93db1a512dd2a78099b1bbef338796f24722d6352b2968da6780ef27bca87d",
      "caffeineai-oql@0.4.0/src/FloatValue.mo": "9275cd950d597ca1b46f0ef3a1807c4f8430b54947f4ecdfc644c4c81030ece1",
      "caffeineai-oql@0.4.0/src/Int16Value.mo": "5b58a34e31c8490d37d5b7e70171b9ddc7eb3748188f453115460e3664fab7b3",
      "caffeineai-oql@0.4.0/src/Int32Value.mo": "77cc53906230996ca6e1a0f92c8807f1b6e17373d5cc7ff4383cf99bed016ebb",
      "caffeineai-oql@0.4.0/src/Int64Value.mo": "4fc51bdd3a36de76614180d3af42af88acdc27ed4c9b6d9f5f0b351782241ba4",
      "caffeineai-oql@0.4.0/src/Int8Value.mo": "d4504f565c2a86671d856f109a4f93d0a1700e14592cab1289ba32921e259389",
      "caffeineai-oql@0.4.0/src/IntValue.mo": "829a801852d0501272d06e37ad40a180e1252fe168df53a1aeb2c2f4b694a0d3",
      "caffeineai-oql@0.4.0/src/Json.mo": "c8086b54d28eefb67efe20b0660a1df435847e05abb5b87c19c2ab846c991805",
      "caffeineai-oql@0.4.0/src/ListEntity.mo": "a1f091747793184845e8ac2d7232742b4beca84dbf34f1f4a3eb8a3364a18ebd",
      "caffeineai-oql@0.4.0/src/MapEntity.mo": "442403b206fb9666a612be4316549bfceea87c7bde23072e33b4b46d66aaaacd",
      "caffeineai-oql@0.4.0/src/Nat16Value.mo": "d75f14e670a27c59e7fe7eb4262b9e5e385b23f32a6a5abc798acbbb21f34d19",
      "caffeineai-oql@0.4.0/src/Nat32Value.mo": "b4002f6ff2dcf0add9eead0fed03996e754308e3f85394664be6bac9eb8d6669",
      "caffeineai-oql@0.4.0/src/Nat64Value.mo": "6211faf9b0c5c3700f2adc3321a74679ef8c182ff1ef50f204dece62bf79d029",
      "caffeineai-oql@0.4.0/src/Nat8Value.mo": "f73ac5dce27397b48277d8c04c8f614522e68fd81303dd84cfd890be0c1f171a",
      "caffeineai-oql@0.4.0/src/NatValue.mo": "0326cb16cfbb760f5a1a9587f62bb407d48eea442eee627e766cebb69b6ac609",
      "caffeineai-oql@0.4.0/src/Predicate.mo": "045404e3796828c54850ec3ee97b5ce5a54980a8f6a66294bfb9b86f51d05695",
      "caffeineai-oql@0.4.0/src/PrincipalValue.mo": "a85e3338e825061944217f84adbb95a097cd061be3dcb26633edb7cdf64a5522",
      "caffeineai-oql@0.4.0/src/Query.mo": "db14b720bfaa563c01adcbcc15f5f19ab4d9613795673676b3b928f031ecd23d",
      "caffeineai-oql@0.4.0/src/RecordValue.mo": "17a9b2770b9e6b85f39fdde45f7c98d2f1e860531d72e17f40486f75886b4039",
      "caffeineai-oql@0.4.0/src/Registry.mo": "1ee0bb24049fac5b8067d94b9ab46525a4e40b4faecba67a5c9eb696aef660d1",
      "caffeineai-oql@0.4.0/src/Schema.mo": "c53c1bdecae657529606417166bb8c95e0edf85aeb15d3910ed49141d6ebf7a3",
      "caffeineai-oql@0.4.0/src/SetEntity.mo": "878b37e85a08c00e85651c4eade7faff5ccb406b1359b8b2cd5f673c76972668",
      "caffeineai-oql@0.4.0/src/TextValue.mo": "0631b2e81e0a669cffe0778b872c70ef7a9d0245b16c360b36e92cb69e497cfa",
      "caffeineai-oql@0.4.0/src/Types.mo": "0629a287e9bf17065302ec276c41fb1ae13172e430f7a66634b0ff1b5dee43fc",
      "caffeineai-oql@0.4.0/src/VarArrayEntity.mo": "439a5b12f21ba577902912dc32e02d1453e7eed0a491a00eefd3f48629b60440",
      "caffeineai-oql@0.4.0/src/lib.mo": "5ed4d4cc6fbaeecdbb3452b932284301c38767ac7df0e7e9f8841ad8950fbfb6"
    },
    "core@2.6.2": {
      "core@2.6.2/LICENSE": "840e3d57a38a8061f55d04470fbd58b9345326fa04ea10ee42add5c6e3b2aa08",
      "core@2.6.2/NOTICE": "d62ca4ef9e2c9df064115c339013593cf0769e2b9dc78fa4b3211222541c7f83",
      "core@2.6.2/README.md": "7056d54f48ca296df871052484be93469d3a53bf3c689f80786940534c2e7646",
      "core@2.6.2/mops.toml": "dc869b85d2df9aed070b26d3a0c05aa7355c516a93d966089502ad0e44d8f44a",
      "core@2.6.2/src/Array.mo": "5d8491709620bd9551a87f59b200a3733bfae788a51183a3cd8df521a7280358",
      "core@2.6.2/src/Base64.mo": "0d70a221a21a1bfb7ad79da30271f6e1f892a4148f8c844975b108c2e052ea3f",
      "core@2.6.2/src/Blob.mo": "2276e03774079e755f30838c68fa2b3d20f1af09afd53e9f994f1dd04a31b44a",
      "core@2.6.2/src/Bool.mo": "9f23eb2aea065c9588446846f3b7c0f0e4b33ccf5825675afbb98cad2ab042ac",
      "core@2.6.2/src/CallerAttributes.mo": "7ac5ea306f7e4393a7830a1dd522583d3388b8dd4667db132ee77ba9ae131f66",
      "core@2.6.2/src/CertifiedData.mo": "d1e0561889cf2ba6dd49166e98d35b874c1ee7d5ac54251adcc9e24c2cb01788",
      "core@2.6.2/src/Char.mo": "864809c40ac907dc4f7f525769c7d4d4d66b278ad639da1d18e6201b1c60c7fc",
      "core@2.6.2/src/Cycles.mo": "9f5c1fceea47f05c43f22a1c25e8753fb7e552e36106d27bceef24b1310f4cbc",
      "core@2.6.2/src/Debug.mo": "526c3f9d94e4a682917febb7b0021831a7cc345a2aa63e2499ddeda33cf63b3e",
      "core@2.6.2/src/Error.mo": "004f5f233aaf1234b0c4011fb9975f7a975caaf11e61897996f5eaf1167d9a70",
      "core@2.6.2/src/Float.mo": "5cedfd9b42f79d6a4c5d984dd895542b70b1b23afc704486595d6247d81e2438",
      "core@2.6.2/src/Float32.mo": "f18868603519d69289e049367f12fda160480dc44bc917b911b29a8cf84cef50",
      "core@2.6.2/src/Func.mo": "82734ba207ef38e5ff6cfcf3df8315e587316df3d3cdf2803e76df982547daf7",
      "core@2.6.2/src/Int.mo": "afb421101c46dc2ab28433451b2969847c38564067b2be300d111ad393b86ad9",
      "core@2.6.2/src/Int16.mo": "a6b33d80f900e8f94bf317727fb6d4777191d0304430cd9e08af34ada00ca339",
      "core@2.6.2/src/Int32.mo": "06a69a5fdb5224b5f6184bd35c1d1bd756fc197527ca9262bd19ea3b304ebb7e",
      "core@2.6.2/src/Int64.mo": "e3c3a0355f3c0ea3c8c70d9bc6e300b19a318a71ae0e475cfe4012d0b41d0fce",
      "core@2.6.2/src/Int8.mo": "e29df82bf43aca0c657c8c1c6e77c72605cf64b774a42f267369f9001b1620b1",
      "core@2.6.2/src/InternetComputer.mo": "969951411beb5caf7d60ba6d5e906a5c70a3b466cee42e1135d1cd3d791cb3a1",
      "core@2.6.2/src/Iter.mo": "0c9b698035a925daac34b16381dfc59227117ad13e8abe4a32323340ff2497af",
      "core@2.6.2/src/List.mo": "32352b84395aef041314ec0715a1f299726d110ab8a383a3b04c67d410c1952d",
      "core@2.6.2/src/Map.mo": "dd47b29e2e877431f373195d8859bc510e841a2dd67a26bd6094359ae87b3205",
      "core@2.6.2/src/Nat.mo": "52fb40a9849674df1fcf60ca78de9761270071f5ee9c72acb23d2e216fd4eea0",
      "core@2.6.2/src/Nat16.mo": "ff3682d1b233721065d9157e4587e8cbd100b882033621d01d1b47cb67ce68fa",
      "core@2.6.2/src/Nat32.mo": "6886e8148867a10fa58f94b31cd6de84322cc274cc06b758ddc1784445648259",
      "core@2.6.2/src/Nat64.mo": "fc295f4fb2542b8777e81e7b7fc6f1624a3ee67b52db5c756664fe59a93cfdb7",
      "core@2.6.2/src/Nat8.mo": "c08a40665121fd2b26764bc1cde3ac19ee075d4416a0091ddae446d539ee94a9",
      "core@2.6.2/src/Option.mo": "8f36b84062850449bc4a36686d0d9b44d65d1e73b02ee9f1388348bedfb71139",
      "core@2.6.2/src/Order.mo": "6c21e905e1e8c2b40cd50438218230c207d0bbec0d2514779edd76f9f84a812c",
      "core@2.6.2/src/Principal.mo": "3279a8246b19429c312df62ac6b3a75b87d5010d61ae11a99af715f6a0f32fc7",
      "core@2.6.2/src/PriorityQueue.mo": "9da3d0a3db71dc8388dc07e9833fe7a591404c2aae9faf3617e0f2de7ee007ac",
      "core@2.6.2/src/Queue.mo": "3399d7b8255339e1c732fc396f666e18227b8540bdb471148307bb210cd545ea",
      "core@2.6.2/src/Random.mo": "b60f8a72134bab5f527da3c929e63f4ade612ad0799fba576c218f73cbdfad88",
      "core@2.6.2/src/Region.mo": "b64c3481db5a9dbb2d3a97941830d909a11fe99309a57a3287568420e94051ed",
      "core@2.6.2/src/Result.mo": "c5589dac636511dfb72ebd6e4abba37fe8ade3fc53e012b982d17490f81fdb6d",
      "core@2.6.2/src/Runtime.mo": "d221bd16b45cb717cb4ef4fd698fa8632a415aecbbb5a6fdc8b5cd4bc50a9e56",
      "core@2.6.2/src/Set.mo": "6ec9674e38c75cd53ab0d9d5859e25d2425509c6fe9cd002ce5d82e6f5655679",
      "core@2.6.2/src/Stack.mo": "c188967547cd644aa40a47c7e7178eb3a7a58b2527397ff08859afb0608d7064",
      "core@2.6.2/src/Text.mo": "57aea0e82985cbddc59bd13bb3528f9283941803e65479533d04284179b24c6a",
      "core@2.6.2/src/Time.mo": "aa2c5c4f2c9f175c1bd1b5733f49a2e896bb13488b6ec8ef30041b84de02e387",
      "core@2.6.2/src/Timer.mo": "428c991db49b4cd81724bb515f77bb29d45342296e2cdfbb14530d213b19f71b",
      "core@2.6.2/src/Tuples.mo": "d5eb192be7c3cd7fba85cc2083c4c5311448033be778abc9c7e8feb2df3da2e2",
      "core@2.6.2/src/Types.mo": "00dc0132996b3bb3eaf5cc4413be78ca860137ef26f5b472b0e7b3ef68f6652f",
      "core@2.6.2/src/VarArray.mo": "71012765b75edc65c027a0a9c6823bdb03af9404b11b49cc614307e3ea851e18",
      "core@2.6.2/src/WeakReference.mo": "f48c3e9a7635fcb5aea72fcede698843d4650e90f7b64add7ad3e633ee825d09",
      "core@2.6.2/src/internal/BTreeHelper.mo": "f7cf4edc038962111ab091b5ba214dc9091f35ee76f83c6a72fe1c00e7aee83f",
      "core@2.6.2/src/internal/PRNG.mo": "8a93e87baa2b12f613c82394a4a05b425e44a695bbace4ca36f9a1f78be26442",
      "core@2.6.2/src/internal/SortHelper.mo": "fff4f2eec5c59a3db13e46eeb69152bb1b98931f45cb58ac481439a0cd0d10bb",
      "core@2.6.2/src/pure/List.mo": "dfce35e644aaea4c7f43a7320a5e8ee7bcc1022b3205801dc30af3e7f04b5a4f",
      "core@2.6.2/src/pure/Map.mo": "3537759bd39ae188430b69610f1f2b22baa4dd85b2b2a0f50f26262551d3e95f",
      "core@2.6.2/src/pure/Queue.mo": "6436a3c07dcaba9df113c04b289f4f1f75599cdccf8a34b266187212e37927ed",
      "core@2.6.2/src/pure/RealTimeQueue.mo": "1a80e071b0282c608ebaa26544dea6bd747915c8023d86b7da7614febf23c7a5",
      "core@2.6.2/src/pure/Set.mo": "a5317cfdf0b4aeaa19008d4d5dc3dc744cb631fc4de0d43f2d18360e56707e0a"
    },
    "ic@4.2.0": {
      "ic@4.2.0/LICENSE": "ec415b57f8143746b567c94bfad243f5342f3edf110c94641a1a60e02722db55",
      "ic@4.2.0/README.md": "4aacc06321244e54f741e9d826f3d374144a4b32372cb58dddaedcaad2e12bc3",
      "ic@4.2.0/mops.toml": "90a4087e4c1fb5ca9b976d824370bca632d860191eedd0461ac85bdbc4169f55",
      "ic@4.2.0/src/Call.mo": "b4a3572e5617d0b1eb696450344b65e99504f844794e7ddf1cff664fcfeb2994",
      "ic@4.2.0/src/Types.mo": "3d145437f9b8c6a661266ec659c9522c4b9001b50954945816e746f48028c9fc",
      "ic@4.2.0/src/lib.mo": "9d9ec84a85eb25d191c1cae99cb841d9b6e0cf0f9bc27c3f3805ac9673d7bef1"
    },
    "identity-attributes@0.4.0": {
      "identity-attributes@0.4.0/LICENSE": "840e3d57a38a8061f55d04470fbd58b9345326fa04ea10ee42add5c6e3b2aa08",
      "identity-attributes@0.4.0/NOTICE": "ae3a34e972617652978a72d81f2af03822b81ccd5f2d40c08fe8ad83e16fc71e",
      "identity-attributes@0.4.0/README.md": "9678275d74b736f88906aedc2b6328dfa14937864bc4010d48542028a3050927",
      "identity-attributes@0.4.0/mops.toml": "e99bd2eb4a35e136af41efdb47c66e44165183e1dcbf4d03fdae1776c480a5d6",
      "identity-attributes@0.4.0/src/Internal/Attributes.mo": "7c52658b3be8dc0ab8b25f175e54af914f813f7d95cb9dde6301f4088f0dabc8",
      "identity-attributes@0.4.0/src/Internal/Challenges.mo": "e313386cdc13ce92baf745f64bf54cf40d4d30d3265e6797aa86212659c8c8f2",
      "identity-attributes@0.4.0/src/Internal/Value.mo": "135d2d56c4d5e114f5325c68231d6e1ca5f01a51113d29571b2836105ecd547c",
      "identity-attributes@0.4.0/src/Internal/Verify.mo": "65c6d4dcc3bc6bebd8cc2e93cb434d9c382f83b2a1608a162e776c100e497893",
      "identity-attributes@0.4.0/src/lib.mo": "dcdf2d82818c4793daed63db051cc99b08a75cef14f696675ef92b0b559ce6b7"
    },
    "json@1.4.0": {
      "json@1.4.0/LICENSE": "0f37247f2456cd129ab89f73eb6bb6fb385884570de60cbc96da9aeca0765660",
      "json@1.4.0/README.md": "05a648e7dd1384458c69a090b518f6dbf166262bd294ecc3dd726cff6b7bf9d1",
      "json@1.4.0/mops.toml": "975f88a887aaa74d22e75bdf8e601537074b9ea6b98066eaef106a1dedb35928",
      "json@1.4.0/src/Cursor.mo": "3a555d38ab51a44ac952ee63bb1098a22a3bcc9543c66e70e76046feb2aeb24a",
      "json@1.4.0/src/Lexer.mo": "0c30924f6e550c8f810e93bea1a147f9ffdd93159551ecd49441880102f36ce0",
      "json@1.4.0/src/Parser.mo": "a08bf4928fed4d41505613bb0ccced32510c482cefbe3b7f10ed1a517d52e29f",
      "json@1.4.0/src/Types.mo": "276cb48956b3249f596587b8ba344abc13d5a945b7f64e5f84b107924629c698",
      "json@1.4.0/src/lib.mo": "958b42af7c4c4f8c534d6f0e9d781c0d1c693b0f51a538c47da771dd99aa77d0"
    },
    "serde-core@0.2.1": {
      "serde-core@0.2.1/LICENSE": "722f3f4279baf4ab992c14fdbb619e088f85af40b24881a8851de77e4ab084f6",
      "serde-core@0.2.1/README.md": "068b12e9fce5e1c183ac73d7aaf9d3a0e966878d0143193ec05d8368ea31bc92",
      "serde-core@0.2.1/mops.toml": "9b210caa7a4e927164bade6caa099133e2d412b9fd30d2a750ab9f985c4d9b5d",
      "serde-core@0.2.1/src/CBOR/lib.mo": "5bf1c2850b2ebcc360512fea1c053c72b0c2bd1a2fd10a78a8456e383818adee",
      "serde-core@0.2.1/src/Candid/Blob/CandidUtils.mo": "37aa421252e8dd9ca596ac3d140046e3d50e7f351b4dc32c20b59afb5630d136",
      "serde-core@0.2.1/src/Candid/Blob/Decoder.mo": "3cb47cf4f45c67d9b89b218bc02185dbc210b08417b27d5add471be0ad18d5aa",
      "serde-core@0.2.1/src/Candid/Blob/Encoder.mo": "f9061b6581207567f99b8f84c4ebdf61d98847200f0310f6243063e232a0f7ad",
      "serde-core@0.2.1/src/Candid/Blob/RepIndyHash.mo": "9503fc76c393e2d11fb95c48337462702fca0b34aced3514d78a3856d4cb3604",
      "serde-core@0.2.1/src/Candid/Blob/TypedSerializer.mo": "1159dacd58e7292a3d45bc91150bbfedcf09b4717438bf594eb5865fd7ef8eb1",
      "serde-core@0.2.1/src/Candid/ICRC3Value.mo": "54ef4b0798840ab036d63bac1d34ffa00b5aa7fb6266e3eb78af0adb29ea6b20",
      "serde-core@0.2.1/src/Candid/Text/Parser/Array.mo": "fd3a5ac88e81e4fc7f7dbb175a4b83f632a4d6cbb0bfac799740334cc40d253f",
      "serde-core@0.2.1/src/Candid/Text/Parser/Blob.mo": "c2d574d6fcbea4fa8492a89865494fffdc496c73e8e31b2d254a57a48812237c",
      "serde-core@0.2.1/src/Candid/Text/Parser/Bool.mo": "a4a716b6188f8c55df80127798057cec05637fd2ac6ba09d36852b988d367d92",
      "serde-core@0.2.1/src/Candid/Text/Parser/Common.mo": "5387f7b34987f87e92ed037c88b8a0c2116ee6927b55dbbaaf39e04770f55897",
      "serde-core@0.2.1/src/Candid/Text/Parser/Float.mo": "2d1f32ba93bbd725a7edea76216580f65e5d6921083cd71c00ceacbd58c82623",
      "serde-core@0.2.1/src/Candid/Text/Parser/Int.mo": "bfeb3473c73d8c7f7e197d057fa2e741cd108a046f11b943da4d383b941db5f0",
      "serde-core@0.2.1/src/Candid/Text/Parser/IntX.mo": "dcd76741f31c90b92cff6a6eea22b18183332a36e9588a9c6e9618e2253182bc",
      "serde-core@0.2.1/src/Candid/Text/Parser/Nat.mo": "55d58c4c755c3b89d6775544f56ce0e25725ce5a06667374c3b897aa4bde1e27",
      "serde-core@0.2.1/src/Candid/Text/Parser/NatX.mo": "41069840410d0f6af57029410d616f5ea6e241ca86c710d1e068c5d27b0b034d",
      "serde-core@0.2.1/src/Candid/Text/Parser/Option.mo": "12ada054822dd674e0899e1f7c1a84481adcece83b1130c0f59361704dcbc9e7",
      "serde-core@0.2.1/src/Candid/Text/Parser/Principal.mo": "0486c097952735e97e416181e8f8058ddc5529c727efe6b2b7856bdcb78e4ec6",
      "serde-core@0.2.1/src/Candid/Text/Parser/Record.mo": "f2fbbeba697fcccf806d8d87a3a2de3a7f5cc9f80a21121191669231b83828a1",
      "serde-core@0.2.1/src/Candid/Text/Parser/Text.mo": "97d33b836cd4d388cbe913c93c090d5605b542ea55fd042a3b355ee9aca330f3",
      "serde-core@0.2.1/src/Candid/Text/Parser/Variant.mo": "33f318b4f2ebafb5793212d89ec9b576885ee92bf71840c90934daf1e3468d04",
      "serde-core@0.2.1/src/Candid/Text/Parser/lib.mo": "f20be624fc0aab43a3fb0b044db816aa52503a5c93efdf7c010f6f1e6e9a4d6d",
      "serde-core@0.2.1/src/Candid/Text/ToText.mo": "f4a1af730e91ce06ca0b8a74b79c8964fe4229f1b7d62be7b71545379e6a3f3e",
      "serde-core@0.2.1/src/Candid/Types.mo": "b6ac4ca21b8d02dddd30c4387f69b356b3f4bac1bafd99a0bb84116f1629767f",
      "serde-core@0.2.1/src/Candid/lib.mo": "2f4380985f32cf74bc789d90af1e290af8e41c9f1d8266edb2bacf09f81f4a0d",
      "serde-core@0.2.1/src/JSON/FromText.mo": "f207f1295320ca848365b23b4e298233d23c3442627b93991c5bffff10c3276b",
      "serde-core@0.2.1/src/JSON/ToText.mo": "60032764a1eac1c66cec3ad3996828f574f8eb54dd009493ace9b4c7d5cd3cec",
      "serde-core@0.2.1/src/JSON/lib.mo": "fb51f084cad9f209cd0a2505c7ff6baaf57c7e221ee57dd056fe6db5ec9501ba",
      "serde-core@0.2.1/src/PeekableIter.mo": "092201c330b2ef1c74e1aa72644733a038aec38a14c6d93f3ad777c0cef7a567",
      "serde-core@0.2.1/src/UrlEncoded/FromText.mo": "bb38e718edd3f984568aaf0cc47eb72cdc62f3e6b4771ab2ca592b910986a0c2",
      "serde-core@0.2.1/src/UrlEncoded/Parser.mo": "3ace1ffd1203d7c1dbd4d0f212ce652b67da8ab9250756dd678f29a60d93f7f9",
      "serde-core@0.2.1/src/UrlEncoded/ToText.mo": "34da226d168ff1ac5c76dbb8bfc4ecb7b9b8024432a0991f89a986d39fe7dd95",
      "serde-core@0.2.1/src/UrlEncoded/lib.mo": "6462bf694e0f2f320958853405d1dfd183609956b3b901c42a98c87cc8e466bd",
      "serde-core@0.2.1/src/Utils.mo": "52f0351d07d8813abf5bea9243d768f468dc1b7be0698b1333782ca3ebe040e2",
      "serde-core@0.2.1/src/lib.mo": "01251998c7788c26b513a2eb8a0471847d457b99d6a18332e3e12f548fb39f1e",
      "serde-core@0.2.1/submodules/ByteUtils/src/lib.mo": "fec2fb2eccd5957983aefd58fb11c0bff2441072499c56f1a11cf27bfcf8cee4",
      "serde-core@0.2.1/submodules/buffer/src/lib.mo": "885d17e9479dcd1d36b3aac7c52206edc11855f80dbcc59fe8da1ff7edb3370d",
      "serde-core@0.2.1/submodules/cbor/src/Decoder.mo": "f498beecd7e69d35395f307a6bfbbefdad579f1ecaadf778313229fd672fbe45",
      "serde-core@0.2.1/submodules/cbor/src/Encoder.mo": "40b3756eba03ab9c66b2e16065ffe0aed2cbf5fbc23a60cb2fa5bf7de6b53c9f",
      "serde-core@0.2.1/submodules/cbor/src/Types.mo": "0ef3c4917e5b3219b0a9c3cd2cdfed2b83f2f6b861ad365bf1b87696a8b84bd0",
      "serde-core@0.2.1/submodules/cbor/src/lib.mo": "ae2609dd8f72104a1d356caa877a8790f42dbd9936805a504aa3300f78676734",
      "serde-core@0.2.1/submodules/json.mo/src/JSON.mo": "ecb7af30f9221221485771b2918887022d91883f9bdec068398c2fd21de06e15",
      "serde-core@0.2.1/submodules/json.mo/test/Array.mo": "67ecb6bd6531243788020f0e7faa9a1fa3812a01341a3fedcb81be178390f43b",
      "serde-core@0.2.1/submodules/json.mo/test/Show.mo": "878f3ad98f1028dd745538a08c3545fd406df728868e7754b974a98ed52008ce",
      "serde-core@0.2.1/submodules/json.mo/test/Value.mo": "3e1c388d42b5b992bec94e9f6d7439651a406311543427afa9e7afcb8ed39711",
      "serde-core@0.2.1/submodules/parser-combinators.mo/src/Combinators.mo": "3b70fc0dd65e1b07ff4a01b5921b9923a2e9955920d8f65a338d2ee734429f47",
      "serde-core@0.2.1/submodules/parser-combinators.mo/src/List.mo": "f9993ea02d787ce5268189862c6fa7160509eca1c292deee23c6d0ffea08375d",
      "serde-core@0.2.1/submodules/parser-combinators.mo/src/Parser.mo": "ac116eaeb1fb3757e1f8c698789d5e06fc57313495098e21178c42977f64efdc",
      "serde-core@0.2.1/submodules/parser-combinators.mo/test/Int.mo": "8ebfa859e1b5909bbae349d21f061ed8eedd7c3a698727c105fb6cf09a467131",
      "serde-core@0.2.1/submodules/parser-combinators.mo/test/Nat.mo": "dfd583c7e50cfddc761274c00e39c7639f8fcd11bd79e4549c62375f31193a84",
      "serde-core@0.2.1/submodules/xtended-numbers/src/FloatX.mo": "401999bcef626d96848faa56e94251ae342542143e21ea64b3509595b1e97030",
      "serde-core@0.2.1/submodules/xtended-numbers/src/IntX.mo": "3a7f3258064ca7b3135201354081fb28331392d743a93d20e08afd73c54a540f",
      "serde-core@0.2.1/submodules/xtended-numbers/src/NatX.mo": "849c3c64deb728d1b75a4efbf59d2fb6bc631df19610b0c529ad35e1420b66f1",
      "serde-core@0.2.1/submodules/xtended-numbers/src/Util.mo": "d92098201df2692c68c05a3c61df7f46c66c29baf314443a7dea45aa8be28bb2"
    },
    "sha2@0.2.5": {
      "sha2@0.2.5/LICENSE": "ab81130a0a5f64eb71f0c0f84ff643fdd13b0d3d24c5e741b73768760d9f62dc",
      "sha2@0.2.5/NOTICE": "263c783b30440460b9a046b117b686dcc24e6fe912d8f78013ab00836de79b69",
      "sha2@0.2.5/README.md": "e90038080d0aa7450a6c3d7507e6943be6d1bd02cfbbbd3dfda50797d1e2104c",
      "sha2@0.2.5/examples/Merkle.mo": "8b22324c056e564b75711e046203873608203ade7f754d1181605d3e2c4d4a13",
      "sha2@0.2.5/examples/NFold.mo": "6865e355a7e08d0fbc70501251fcb5a0c7a509d79eb7eccbd72de61e28ec4945",
      "sha2@0.2.5/mops.toml": "71c8abf548ff55ae220c0c333515be1a3003bc167a0762829797beeec73ef78b",
      "sha2@0.2.5/src/Sha256.mo": "76ec5683c22c86245d5156400617cb9a5e9f289f680bf27989a665d4794bf548",
      "sha2@0.2.5/src/Sha512.mo": "805ccfbc23f2dd13b1ee2dff586b2572d6b9a6b26f4e866c1fb6bac0c26420a8",
      "sha2@0.2.5/src/sha256/buffer/lib.mo": "d87dccc5c4802c1d402a69e5448fb22d7bc173a916cc49362bb1123510fff928",
      "sha2@0.2.5/src/sha256/digest/lib.mo": "a4270166623d43b222b552eabf0366258aca8410a64922d7b3fb8889dd7d1312",
      "sha2@0.2.5/src/sha256/state/lib.mo": "35be2bba9635a6e3641b8715ea08d2c3175b571732fbaf5e85e51a1ae4a4ea6f",
      "sha2@0.2.5/src/sha256/state/process/blocks/accessor.mo": "0e4aa600469b13cda78d9814a1c71da30234631906f74805527b833334dbd147",
      "sha2@0.2.5/src/sha256/state/process/blocks/array.mo": "af83641e36a46959895844b84872536429ab70a915bf9b8a9e3a4a6ddfeb5f89",
      "sha2@0.2.5/src/sha256/state/process/blocks/blob.mo": "d834ead0f15ee63feacf90bcc600984dd838b52ff8aa91d522472485d916977c",
      "sha2@0.2.5/src/sha256/state/process/blocks/iter.mo": "4001f759362c8096d0b5e56fed6594c9f6736c2e2790f6c3f047c873660ebe5f",
      "sha2@0.2.5/src/sha256/state/process/blocks/leaf.mo": "3625e9ab03e474d711c429493c7808c0627570cf01b9344eae1158e0e3d1f127",
      "sha2@0.2.5/src/sha256/state/process/blocks/merge.mo": "3a665665a830e36ad2a894b847e70d0a24ef9d69dbd4beb776e35b7676618198",
      "sha2@0.2.5/src/sha256/state/process/blocks/reader.mo": "e00d7b5f8df00307296b038d715792dea6d4cd874c91a1f38a2c07109cc7f507",
      "sha2@0.2.5/src/sha256/state/process/blocks/varArray.mo": "c2671d9f101f2bfea564703f89cc6f0f2e74b897805f53952aa850d271d7fc83",
      "sha2@0.2.5/src/sha256/state/process/constants.mo": "326a2be008dfe08c8719b681d46ecd06091511961873444b19d3332e6b77f7ab",
      "sha2@0.2.5/src/sha256/state/process/fold.mo": "9d060771d02a36f33d500667a816d4dfbbbd0699a610163242a90a16613b89a1",
      "sha2@0.2.5/src/sha256/state/process/msg_buffer.mo": "0dd2efe4686f6f99fd4d4e9403bfa662ce0e4558b3bb75ab982f24729e436502",
      "sha2@0.2.5/src/sha256/state/process/padding.mo": "ac48f6c1dafe55a4516daf8e6c5b76e3347942beb0896cd9a50bc63d9f34ba23",
      "sha2@0.2.5/src/sha256/types.mo": "ef2fc9f7179e7895b7398fbae20bd374e14bd68325e56c297a348d3b6f9030cf",
      "sha2@0.2.5/src/sha512/constants.mo": "4e18cf2b0b74cfe961dedc756f6e2461e05c5b6eb69ac9aec92cea00cad73b97",
      "sha2@0.2.5/src/sha512/digest/lib.mo": "a0dc389cfa080e3b8c4d4aa3022866562434223a954d7c08ccc826d66080588b",
      "sha2@0.2.5/src/sha512/padding.mo": "ddcd9fe1b212de8120fd66fc9b6db1699626b1244d05dcb2c9bffff44fc25930",
      "sha2@0.2.5/src/sha512/process_block.mo": "4cbba34d75a7b868e582fa17c212455ab73192ec62411b5819e67ea8a1fbfe91",
      "sha2@0.2.5/src/sha512/types.mo": "885efe7fcd464446a689184d5723d4fafbebee08fee449096f5fbc847f7498e9",
      "sha2@0.2.5/src/sha512/whole_blocks/accessor.mo": "43d22931e4a7ea2ea06c43cf9558e3fcd1a37f405f4d6585d8cd1dec4956a86a",
      "sha2@0.2.5/src/sha512/whole_blocks/array.mo": "41e476db604b0d81876316ea844a4ebf420aa032b8fcc1412de92af337083631",
      "sha2@0.2.5/src/sha512/whole_blocks/blob.mo": "944ad1b09e3e1e19f478f6b1d7e339897c870ce0ae574c43c970d6df3b3667ba",
      "sha2@0.2.5/src/sha512/whole_blocks/iter.mo": "b10ab448ead77fd3858924c963d65bda1a17bc42b9fccbf183746611a6aa3d3e",
      "sha2@0.2.5/src/sha512/whole_blocks/reader.mo": "ea5621981c5404abe9b9506230d5985c1e4bf047a09bdd0fa76ab7f753b0be01",
      "sha2@0.2.5/src/sha512/whole_blocks/varArray.mo": "22bf05c4bfc24f79c3d48c99258148ceb6ca09e9e000dcb6b86b5e075e4a7766",
      "sha2@0.2.5/src/sha512/write/accessor.mo": "e87edabac0da4781ca0c73cd0bd6ef6b0798b5449c4fb19f170d4fab748ee85c",
      "sha2@0.2.5/src/sha512/write/array.mo": "0ff7bf6469e4f93053a28ea3e4a43833eb43e5f1390ccf5aaff6034d2ce2bba3",
      "sha2@0.2.5/src/sha512/write/blob.mo": "2d031c57963f265a54307956d0c8cf05555cfc391f3536d7c39f1f48dfcfd2f6",
      "sha2@0.2.5/src/sha512/write/byte.mo": "37e9e349a9c666cb6e9f273fafa2a91a92a05b962094c1d7aab1d6a1ad9affdb",
      "sha2@0.2.5/src/sha512/write/iter.mo": "e06f0562813537871da60d3a965599e6ad3dc915ff8905ca05a5768313856063",
      "sha2@0.2.5/src/sha512/write/lib.mo": "9aa271369a4a5bbb560e9c6fdc5d3ba4e16bfcf2d342f04ff155915e89cb66ba",
      "sha2@0.2.5/src/sha512/write/reader.mo": "cc3a5027d00aca8c7f761cb939cec91e496369006c52f36d67855d71717a7b2c",
      "sha2@0.2.5/src/sha512/write/varArray.mo": "8aa1ddc8ee1b6669f86a0fac9a0fa545b1402cb7cc9bf162e51f27b4f03d3905"
    },
    "xtended-numbers@0.3.1": {
      "xtended-numbers@0.3.1/LICENSE": "7caf02fc1ac48db886244237e0fa148cea6c360daabcbccd3e6d26da422bb06b",
      "xtended-numbers@0.3.1/README.md": "df334a5b7f8774bffe09495de9bacb4616d20ad431d50dd7f04fb3e923044cef",
      "xtended-numbers@0.3.1/mops.toml": "4e9deb52b4cef8a768011966ecad1b7eea3daa14349946c118a1b5126e36b9d2",
      "xtended-numbers@0.3.1/src/FloatX.mo": "a2fd81ca4ce3fa47e871ba4d166c0ec4c90ee117663e9f1e28d1cc26ca4652f2",
      "xtended-numbers@0.3.1/src/IntX.mo": "a82947577982a37841ede78c7a4e27568c11bffeb86bb76d03d27eb9ef99a0b3",
      "xtended-numbers@0.3.1/src/NatX.mo": "735ec54844fe8cd6640c4fb0909e8312608db18c192fe278ee9faeb0187217cc",
      "xtended-numbers@0.3.1/src/Util.mo": "e634a191e215bb09593e0bea5df104fa76e8c9f5cd9e3ca28303d7518ab74c00"
    }
  }
}